// !$*UTF8*$!
{
	archiveVersion = 1;
	classes = {
	};
	objectVersion = 46;
	objects = {

/* Begin PBXBuildFile section */
		A8166F0C1A43C77800A34A5B /* InvestmentCell.m in Sources */ = {isa = PBXBuildFile; fileRef = A8166F0A1A43C77800A34A5B /* InvestmentCell.m */; };
		A8166F0D1A43C77800A34A5B /* InvestmentCell.xib in Resources */ = {isa = PBXBuildFile; fileRef = A8166F0B1A43C77800A34A5B /* InvestmentCell.xib */; };
		A8166F131A43D88F00A34A5B /* AboutUsCell.m in Sources */ = {isa = PBXBuildFile; fileRef = A8166F111A43D88F00A34A5B /* AboutUsCell.m */; };
		A8166F141A43D88F00A34A5B /* AboutUsCell.xib in Resources */ = {isa = PBXBuildFile; fileRef = A8166F121A43D88F00A34A5B /* AboutUsCell.xib */; };
		A8166F171A44002800A34A5B /* InvestDetailController.m in Sources */ = {isa = PBXBuildFile; fileRef = A8166F161A44002800A34A5B /* InvestDetailController.m */; };
		A82CA55B1A4137720083884B /* main.m in Sources */ = {isa = PBXBuildFile; fileRef = A82CA55A1A4137720083884B /* main.m */; };
		A82CA55E1A4137720083884B /* AppDelegate.m in Sources */ = {isa = PBXBuildFile; fileRef = A82CA55D1A4137720083884B /* AppDelegate.m */; };
		A82CA5641A4137720083884B /* Main.storyboard in Resources */ = {isa = PBXBuildFile; fileRef = A82CA5621A4137720083884B /* Main.storyboard */; };
		A82CA5661A4137720083884B /* Images.xcassets in Resources */ = {isa = PBXBuildFile; fileRef = A82CA5651A4137720083884B /* Images.xcassets */; };
		A82CA5691A4137720083884B /* LaunchScreen.xib in Resources */ = {isa = PBXBuildFile; fileRef = A82CA5671A4137720083884B /* LaunchScreen.xib */; };
		A82CA5751A4137720083884B /* JuFuXinGuiTests.m in Sources */ = {isa = PBXBuildFile; fileRef = A82CA5741A4137720083884B /* JuFuXinGuiTests.m */; };
		A82CA58E1A4138580083884B /* Foundation.framework in Frameworks */ = {isa = PBXBuildFile; fileRef = A82CA58D1A4138580083884B /* Foundation.framework */; };
		A82CA5901A4138660083884B /* CoreGraphics.framework in Frameworks */ = {isa = PBXBuildFile; fileRef = A82CA58F1A4138660083884B /* CoreGraphics.framework */; };
		A82CA5921A41386C0083884B /* UIKit.framework in Frameworks */ = {isa = PBXBuildFile; fileRef = A82CA5911A41386C0083884B /* UIKit.framework */; };
		A82CA5C31A415F760083884B /* RecomIndexViewController.m in Sources */ = {isa = PBXBuildFile; fileRef = A82CA5C11A415F760083884B /* RecomIndexViewController.m */; };
		A82CA5C61A415F920083884B /* InvestmentViewController.m in Sources */ = {isa = PBXBuildFile; fileRef = A82CA5C41A415F920083884B /* InvestmentViewController.m */; };
		A82CA5CA1A415F9B0083884B /* UserCenterController.xib in Resources */ = {isa = PBXBuildFile; fileRef = A82CA5C71A415F9B0083884B /* UserCenterController.xib */; };
		A82CA5CB1A415F9B0083884B /* UserCenterController.m in Sources */ = {isa = PBXBuildFile; fileRef = A82CA5C81A415F9B0083884B /* UserCenterController.m */; };
		A82CA5CF1A415FA60083884B /* AboutUsViewController.xib in Resources */ = {isa = PBXBuildFile; fileRef = A82CA5CC1A415FA60083884B /* AboutUsViewController.xib */; };
		A82CA5D01A415FA60083884B /* AboutUsViewController.m in Sources */ = {isa = PBXBuildFile; fileRef = A82CA5CD1A415FA60083884B /* AboutUsViewController.m */; };
		A82CA5D41A4163280083884B /* RecommendViewController.m in Sources */ = {isa = PBXBuildFile; fileRef = A82CA5D21A4163280083884B /* RecommendViewController.m */; };
		A82CA5D51A4163280083884B /* RecommendViewController.xib in Resources */ = {isa = PBXBuildFile; fileRef = A82CA5D31A4163280083884B /* RecommendViewController.xib */; };
		A82CA5DB1A4169C50083884B /* NTButton.m in Sources */ = {isa = PBXBuildFile; fileRef = A82CA5D91A4169C50083884B /* NTButton.m */; };
		A82CA5E51A416B850083884B /* title_background.png in Resources */ = {isa = PBXBuildFile; fileRef = A82CA5DC1A416B850083884B /* title_background.png */; };
		A82CA5E61A416B850083884B /* tabbar_product.png in Resources */ = {isa = PBXBuildFile; fileRef = A82CA5DD1A416B850083884B /* tabbar_product.png */; };
		A82CA5E71A416B850083884B /* tabbar_product_selected.png in Resources */ = {isa = PBXBuildFile; fileRef = A82CA5DE1A416B850083884B /* tabbar_product_selected.png */; };
		A82CA5E81A416B850083884B /* tabbar_more.png in Resources */ = {isa = PBXBuildFile; fileRef = A82CA5DF1A416B850083884B /* tabbar_more.png */; };
		A82CA5E91A416B850083884B /* tabbar_more_selected.png in Resources */ = {isa = PBXBuildFile; fileRef = A82CA5E01A416B850083884B /* tabbar_more_selected.png */; };
		A82CA5EA1A416B850083884B /* tabbar_info.png in Resources */ = {isa = PBXBuildFile; fileRef = A82CA5E11A416B850083884B /* tabbar_info.png */; };
		A82CA5EB1A416B850083884B /* tabbar_info_selected.png in Resources */ = {isa = PBXBuildFile; fileRef = A82CA5E21A416B850083884B /* tabbar_info_selected.png */; };
		A82CA5EC1A416B850083884B /* tabbar_client.png in Resources */ = {isa = PBXBuildFile; fileRef = A82CA5E31A416B850083884B /* tabbar_client.png */; };
		A82CA5ED1A416B850083884B /* tabbar_client_selected.png in Resources */ = {isa = PBXBuildFile; fileRef = A82CA5E41A416B850083884B /* tabbar_client_selected.png */; };
		A82CA5F01A416C6B0083884B /* NTViewController.m in Sources */ = {isa = PBXBuildFile; fileRef = A82CA5EE1A416C6B0083884B /* NTViewController.m */; };
		A8460C4C1A42A51E00530050 /* CycleScrollView.m in Sources */ = {isa = PBXBuildFile; fileRef = A8460C491A42A51E00530050 /* CycleScrollView.m */; };
		A8460C4D1A42A51E00530050 /* NSTimer+Addition.m in Sources */ = {isa = PBXBuildFile; fileRef = A8460C4B1A42A51E00530050 /* NSTimer+Addition.m */; };
		A8F3F6EE1A42B95000BDD1C4 /* play.gif in Resources */ = {isa = PBXBuildFile; fileRef = A8F3F6ED1A42B95000BDD1C4 /* play.gif */; };
		A8F3F6F21A42C69600BDD1C4 /* ShareSDKProcessor.m in Sources */ = {isa = PBXBuildFile; fileRef = A8F3F6F01A42C69600BDD1C4 /* ShareSDKProcessor.m */; };
		A8F3F7371A42C95100BDD1C4 /* SystemConfiguration.framework in Frameworks */ = {isa = PBXBuildFile; fileRef = A8F3F7361A42C95100BDD1C4 /* SystemConfiguration.framework */; };
		A8F3F7391A42C96000BDD1C4 /* QuartzCore.framework in Frameworks */ = {isa = PBXBuildFile; fileRef = A8F3F7381A42C96000BDD1C4 /* QuartzCore.framework */; };
		A8F3F73B1A42C97300BDD1C4 /* CoreTelephony.framework in Frameworks */ = {isa = PBXBuildFile; fileRef = A8F3F73A1A42C97300BDD1C4 /* CoreTelephony.framework */; };
		A8F3F73D1A42C98400BDD1C4 /* libicucore.dylib in Frameworks */ = {isa = PBXBuildFile; fileRef = A8F3F73C1A42C98400BDD1C4 /* libicucore.dylib */; };
		A8F3F73F1A42C99000BDD1C4 /* libz.1.2.5.dylib in Frameworks */ = {isa = PBXBuildFile; fileRef = A8F3F73E1A42C99000BDD1C4 /* libz.1.2.5.dylib */; };
		A8F3F7411A42C9A000BDD1C4 /* Security.framework in Frameworks */ = {isa = PBXBuildFile; fileRef = A8F3F7401A42C9A000BDD1C4 /* Security.framework */; };
		A8F3F7431A42C9BE00BDD1C4 /* MessageUI.framework in Frameworks */ = {isa = PBXBuildFile; fileRef = A8F3F7421A42C9BE00BDD1C4 /* MessageUI.framework */; };
		A8F3F7481A42CE8A00BDD1C4 /* ShareContent.m in Sources */ = {isa = PBXBuildFile; fileRef = A8F3F7471A42CE8A00BDD1C4 /* ShareContent.m */; };
		A8F3F76D1A42D25900BDD1C4 /* CopyConnection.framework in Frameworks */ = {isa = PBXBuildFile; fileRef = A8F3F74B1A42D25900BDD1C4 /* CopyConnection.framework */; };
		A8F3F76E1A42D25900BDD1C4 /* SinaWeiboConnection.framework in Frameworks */ = {isa = PBXBuildFile; fileRef = A8F3F74C1A42D25900BDD1C4 /* SinaWeiboConnection.framework */; };
		A8F3F76F1A42D25900BDD1C4 /* SMSConnection.framework in Frameworks */ = {isa = PBXBuildFile; fileRef = A8F3F74D1A42D25900BDD1C4 /* SMSConnection.framework */; };
		A8F3F7701A42D25900BDD1C4 /* WeChatConnection.framework in Frameworks */ = {isa = PBXBuildFile; fileRef = A8F3F74E1A42D25900BDD1C4 /* WeChatConnection.framework */; };
		A8F3F7711A42D25900BDD1C4 /* AGCommon.framework in Frameworks */ = {isa = PBXBuildFile; fileRef = A8F3F7501A42D25900BDD1C4 /* AGCommon.framework */; };
		A8F3F7721A42D25900BDD1C4 /* ShareSDKLocalizable.strings in Resources */ = {isa = PBXBuildFile; fileRef = A8F3F7511A42D25900BDD1C4 /* ShareSDKLocalizable.strings */; };
		A8F3F7731A42D25900BDD1C4 /* Resource.bundle in Resources */ = {isa = PBXBuildFile; fileRef = A8F3F7531A42D25900BDD1C4 /* Resource.bundle */; };
		A8F3F7741A42D25900BDD1C4 /* ShareSDKCoreService.framework in Frameworks */ = {isa = PBXBuildFile; fileRef = A8F3F7541A42D25900BDD1C4 /* ShareSDKCoreService.framework */; };
		A8F3F7751A42D25900BDD1C4 /* libSinaWeiboSDK.a in Frameworks */ = {isa = PBXBuildFile; fileRef = A8F3F7581A42D25900BDD1C4 /* libSinaWeiboSDK.a */; };
		A8F3F7761A42D25900BDD1C4 /* WeiboSDK.bundle in Resources */ = {isa = PBXBuildFile; fileRef = A8F3F7591A42D25900BDD1C4 /* WeiboSDK.bundle */; };
		A8F3F7771A42D25900BDD1C4 /* libWeChatSDK.a in Frameworks */ = {isa = PBXBuildFile; fileRef = A8F3F75C1A42D25900BDD1C4 /* libWeChatSDK.a */; };
		A8F3F7781A42D25900BDD1C4 /* ShareSDK.framework in Frameworks */ = {isa = PBXBuildFile; fileRef = A8F3F75F1A42D25900BDD1C4 /* ShareSDK.framework */; };
		A8F3F7791A42D25900BDD1C4 /* ShareSDKFlatShareViewUI.bundle in Resources */ = {isa = PBXBuildFile; fileRef = A8F3F7611A42D25900BDD1C4 /* ShareSDKFlatShareViewUI.bundle */; };
		A8F3F77A1A42D25900BDD1C4 /* ShareSDKFlatShareViewUI.framework in Frameworks */ = {isa = PBXBuildFile; fileRef = A8F3F7621A42D25900BDD1C4 /* ShareSDKFlatShareViewUI.framework */; };
		A8F3F77B1A42D25900BDD1C4 /* ShareSDKiPadDefaultShareViewUI.bundle in Resources */ = {isa = PBXBuildFile; fileRef = A8F3F7631A42D25900BDD1C4 /* ShareSDKiPadDefaultShareViewUI.bundle */; };
		A8F3F77C1A42D25900BDD1C4 /* ShareSDKiPadDefaultShareViewUI.framework in Frameworks */ = {isa = PBXBuildFile; fileRef = A8F3F7641A42D25900BDD1C4 /* ShareSDKiPadDefaultShareViewUI.framework */; };
		A8F3F77D1A42D25900BDD1C4 /* ShareSDKiPadSimpleShareViewUI.bundle in Resources */ = {isa = PBXBuildFile; fileRef = A8F3F7651A42D25900BDD1C4 /* ShareSDKiPadSimpleShareViewUI.bundle */; };
		A8F3F77E1A42D25900BDD1C4 /* ShareSDKiPadSimpleShareViewUI.framework in Frameworks */ = {isa = PBXBuildFile; fileRef = A8F3F7661A42D25900BDD1C4 /* ShareSDKiPadSimpleShareViewUI.framework */; };
		A8F3F77F1A42D25900BDD1C4 /* ShareSDKiPhoneAppRecommendShareViewUI.framework in Frameworks */ = {isa = PBXBuildFile; fileRef = A8F3F7671A42D25900BDD1C4 /* ShareSDKiPhoneAppRecommendShareViewUI.framework */; };
		A8F3F7801A42D25900BDD1C4 /* ShareSDKiPhoneDefaultShareViewUI.bundle in Resources */ = {isa = PBXBuildFile; fileRef = A8F3F7681A42D25900BDD1C4 /* ShareSDKiPhoneDefaultShareViewUI.bundle */; };
		A8F3F7811A42D25900BDD1C4 /* ShareSDKiPhoneDefaultShareViewUI.framework in Frameworks */ = {isa = PBXBuildFile; fileRef = A8F3F7691A42D25900BDD1C4 /* ShareSDKiPhoneDefaultShareViewUI.framework */; };
		A8F3F7821A42D25900BDD1C4 /* ShareSDKiPhoneSimpleShareViewUI.bundle in Resources */ = {isa = PBXBuildFile; fileRef = A8F3F76A1A42D25900BDD1C4 /* ShareSDKiPhoneSimpleShareViewUI.bundle */; };
		A8F3F7831A42D25900BDD1C4 /* ShareSDKiPhoneSimpleShareViewUI.framework in Frameworks */ = {isa = PBXBuildFile; fileRef = A8F3F76B1A42D25900BDD1C4 /* ShareSDKiPhoneSimpleShareViewUI.framework */; };
		A8F3F7841A42D25900BDD1C4 /* ShareSDKShareActionSheet.framework in Frameworks */ = {isa = PBXBuildFile; fileRef = A8F3F76C1A42D25900BDD1C4 /* ShareSDKShareActionSheet.framework */; };
/* End PBXBuildFile section */

/* Begin PBXContainerItemProxy section */
		A82CA56F1A4137720083884B /* PBXContainerItemProxy */ = {
			isa = PBXContainerItemProxy;
			containerPortal = A82CA54D1A4137720083884B /* Project object */;
			proxyType = 1;
			remoteGlobalIDString = A82CA5541A4137720083884B;
			remoteInfo = JuFuXinGui;
		};
/* End PBXContainerItemProxy section */

/* Begin PBXFileReference section */
		A8166F091A43C77800A34A5B /* InvestmentCell.h */ = {isa = PBXFileReference; fileEncoding = 4; lastKnownFileType = sourcecode.c.h; name = InvestmentCell.h; path = UI/Investment/InvestmentCell.h; sourceTree = "<group>"; };
		A8166F0A1A43C77800A34A5B /* InvestmentCell.m */ = {isa = PBXFileReference; fileEncoding = 4; lastKnownFileType = sourcecode.c.objc; name = InvestmentCell.m; path = UI/Investment/InvestmentCell.m; sourceTree = "<group>"; };
		A8166F0B1A43C77800A34A5B /* InvestmentCell.xib */ = {isa = PBXFileReference; fileEncoding = 4; lastKnownFileType = file.xib; name = InvestmentCell.xib; path = UI/Investment/InvestmentCell.xib; sourceTree = "<group>"; };
		A8166F0F1A43CB2400A34A5B /* Macro.h */ = {isa = PBXFileReference; fileEncoding = 4; lastKnownFileType = sourcecode.c.h; path = Macro.h; sourceTree = "<group>"; };
		A8166F101A43D88F00A34A5B /* AboutUsCell.h */ = {isa = PBXFileReference; fileEncoding = 4; lastKnownFileType = sourcecode.c.h; name = AboutUsCell.h; path = UI/aboutUs/AboutUsCell.h; sourceTree = "<group>"; };
		A8166F111A43D88F00A34A5B /* AboutUsCell.m */ = {isa = PBXFileReference; fileEncoding = 4; lastKnownFileType = sourcecode.c.objc; name = AboutUsCell.m; path = UI/aboutUs/AboutUsCell.m; sourceTree = "<group>"; };
		A8166F121A43D88F00A34A5B /* AboutUsCell.xib */ = {isa = PBXFileReference; fileEncoding = 4; lastKnownFileType = file.xib; name = AboutUsCell.xib; path = UI/aboutUs/AboutUsCell.xib; sourceTree = "<group>"; };
		A8166F151A44002800A34A5B /* InvestDetailController.h */ = {isa = PBXFileReference; fileEncoding = 4; lastKnownFileType = sourcecode.c.h; name = InvestDetailController.h; path = UI/Investment/InvestDetailController.h; sourceTree = "<group>"; };
		A8166F161A44002800A34A5B /* InvestDetailController.m */ = {isa = PBXFileReference; fileEncoding = 4; lastKnownFileType = sourcecode.c.objc; name = InvestDetailController.m; path = UI/Investment/InvestDetailController.m; sourceTree = "<group>"; };
		A82CA5551A4137720083884B /* JuFuXinGui.app */ = {isa = PBXFileReference; explicitFileType = wrapper.application; includeInIndex = 0; path = JuFuXinGui.app; sourceTree = BUILT_PRODUCTS_DIR; };
		A82CA5591A4137720083884B /* Info.plist */ = {isa = PBXFileReference; lastKnownFileType = text.plist.xml; path = Info.plist; sourceTree = "<group>"; };
		A82CA55A1A4137720083884B /* main.m */ = {isa = PBXFileReference; lastKnownFileType = sourcecode.c.objc; path = main.m; sourceTree = "<group>"; };
		A82CA55C1A4137720083884B /* AppDelegate.h */ = {isa = PBXFileReference; lastKnownFileType = sourcecode.c.h; path = AppDelegate.h; sourceTree = "<group>"; };
		A82CA55D1A4137720083884B /* AppDelegate.m */ = {isa = PBXFileReference; lastKnownFileType = sourcecode.c.objc; path = AppDelegate.m; sourceTree = "<group>"; };
		A82CA5631A4137720083884B /* Base */ = {isa = PBXFileReference; lastKnownFileType = file.storyboard; name = Base; path = Base.lproj/Main.storyboard; sourceTree = "<group>"; };
		A82CA5651A4137720083884B /* Images.xcassets */ = {isa = PBXFileReference; lastKnownFileType = folder.assetcatalog; path = Images.xcassets; sourceTree = "<group>"; };
		A82CA5681A4137720083884B /* Base */ = {isa = PBXFileReference; lastKnownFileType = file.xib; name = Base; path = Base.lproj/LaunchScreen.xib; sourceTree = "<group>"; };
		A82CA56E1A4137720083884B /* JuFuXinGuiTests.xctest */ = {isa = PBXFileReference; explicitFileType = wrapper.cfbundle; includeInIndex = 0; path = JuFuXinGuiTests.xctest; sourceTree = BUILT_PRODUCTS_DIR; };
		A82CA5731A4137720083884B /* Info.plist */ = {isa = PBXFileReference; lastKnownFileType = text.plist.xml; path = Info.plist; sourceTree = "<group>"; };
		A82CA5741A4137720083884B /* JuFuXinGuiTests.m */ = {isa = PBXFileReference; lastKnownFileType = sourcecode.c.objc; path = JuFuXinGuiTests.m; sourceTree = "<group>"; };
		A82CA58D1A4138580083884B /* Foundation.framework */ = {isa = PBXFileReference; lastKnownFileType = wrapper.framework; name = Foundation.framework; path = System/Library/Frameworks/Foundation.framework; sourceTree = SDKROOT; };
		A82CA58F1A4138660083884B /* CoreGraphics.framework */ = {isa = PBXFileReference; lastKnownFileType = wrapper.framework; name = CoreGraphics.framework; path = System/Library/Frameworks/CoreGraphics.framework; sourceTree = SDKROOT; };
		A82CA5911A41386C0083884B /* UIKit.framework */ = {isa = PBXFileReference; lastKnownFileType = wrapper.framework; name = UIKit.framework; path = System/Library/Frameworks/UIKit.framework; sourceTree = SDKROOT; };
		A82CA5AE1A4151C10083884B /* JuFuXinGui-Prefix.pch */ = {isa = PBXFileReference; lastKnownFileType = sourcecode.c.h; path = "JuFuXinGui-Prefix.pch"; sourceTree = "<group>"; };
		A82CA5C11A415F760083884B /* RecomIndexViewController.m */ = {isa = PBXFileReference; fileEncoding = 4; lastKnownFileType = sourcecode.c.objc; name = RecomIndexViewController.m; path = UI/recommend/RecomIndexViewController.m; sourceTree = "<group>"; };
		A82CA5C21A415F760083884B /* RecomIndexViewController.h */ = {isa = PBXFileReference; fileEncoding = 4; lastKnownFileType = sourcecode.c.h; name = RecomIndexViewController.h; path = UI/recommend/RecomIndexViewController.h; sourceTree = "<group>"; };
		A82CA5C41A415F920083884B /* InvestmentViewController.m */ = {isa = PBXFileReference; fileEncoding = 4; lastKnownFileType = sourcecode.c.objc; name = InvestmentViewController.m; path = UI/Investment/InvestmentViewController.m; sourceTree = "<group>"; };
		A82CA5C51A415F920083884B /* InvestmentViewController.h */ = {isa = PBXFileReference; fileEncoding = 4; lastKnownFileType = sourcecode.c.h; name = InvestmentViewController.h; path = UI/Investment/InvestmentViewController.h; sourceTree = "<group>"; };
		A82CA5C71A415F9B0083884B /* UserCenterController.xib */ = {isa = PBXFileReference; fileEncoding = 4; lastKnownFileType = file.xib; name = UserCenterController.xib; path = UI/userCenter/UserCenterController.xib; sourceTree = "<group>"; };
		A82CA5C81A415F9B0083884B /* UserCenterController.m */ = {isa = PBXFileReference; fileEncoding = 4; lastKnownFileType = sourcecode.c.objc; name = UserCenterController.m; path = UI/userCenter/UserCenterController.m; sourceTree = "<group>"; };
		A82CA5C91A415F9B0083884B /* UserCenterController.h */ = {isa = PBXFileReference; fileEncoding = 4; lastKnownFileType = sourcecode.c.h; name = UserCenterController.h; path = UI/userCenter/UserCenterController.h; sourceTree = "<group>"; };
		A82CA5CC1A415FA60083884B /* AboutUsViewController.xib */ = {isa = PBXFileReference; fileEncoding = 4; lastKnownFileType = file.xib; name = AboutUsViewController.xib; path = UI/aboutUs/AboutUsViewController.xib; sourceTree = "<group>"; };
		A82CA5CD1A415FA60083884B /* AboutUsViewController.m */ = {isa = PBXFileReference; fileEncoding = 4; lastKnownFileType = sourcecode.c.objc; name = AboutUsViewController.m; path = UI/aboutUs/AboutUsViewController.m; sourceTree = "<group>"; };
		A82CA5CE1A415FA60083884B /* AboutUsViewController.h */ = {isa = PBXFileReference; fileEncoding = 4; lastKnownFileType = sourcecode.c.h; name = AboutUsViewController.h; path = UI/aboutUs/AboutUsViewController.h; sourceTree = "<group>"; };
		A82CA5D11A4163280083884B /* RecommendViewController.h */ = {isa = PBXFileReference; fileEncoding = 4; lastKnownFileType = sourcecode.c.h; path = RecommendViewController.h; sourceTree = "<group>"; };
		A82CA5D21A4163280083884B /* RecommendViewController.m */ = {isa = PBXFileReference; fileEncoding = 4; lastKnownFileType = sourcecode.c.objc; path = RecommendViewController.m; sourceTree = "<group>"; };
		A82CA5D31A4163280083884B /* RecommendViewController.xib */ = {isa = PBXFileReference; fileEncoding = 4; lastKnownFileType = file.xib; path = RecommendViewController.xib; sourceTree = "<group>"; };
		A82CA5D91A4169C50083884B /* NTButton.m */ = {isa = PBXFileReference; fileEncoding = 4; lastKnownFileType = sourcecode.c.objc; path = NTButton.m; sourceTree = "<group>"; };
		A82CA5DA1A4169C50083884B /* NTButton.h */ = {isa = PBXFileReference; fileEncoding = 4; lastKnownFileType = sourcecode.c.h; path = NTButton.h; sourceTree = "<group>"; };
		A82CA5DC1A416B850083884B /* title_background.png */ = {isa = PBXFileReference; lastKnownFileType = image.png; path = title_background.png; sourceTree = "<group>"; };
		A82CA5DD1A416B850083884B /* tabbar_product.png */ = {isa = PBXFileReference; lastKnownFileType = image.png; path = tabbar_product.png; sourceTree = "<group>"; };
		A82CA5DE1A416B850083884B /* tabbar_product_selected.png */ = {isa = PBXFileReference; lastKnownFileType = image.png; path = tabbar_product_selected.png; sourceTree = "<group>"; };
		A82CA5DF1A416B850083884B /* tabbar_more.png */ = {isa = PBXFileReference; lastKnownFileType = image.png; path = tabbar_more.png; sourceTree = "<group>"; };
		A82CA5E01A416B850083884B /* tabbar_more_selected.png */ = {isa = PBXFileReference; lastKnownFileType = image.png; path = tabbar_more_selected.png; sourceTree = "<group>"; };
		A82CA5E11A416B850083884B /* tabbar_info.png */ = {isa = PBXFileReference; lastKnownFileType = image.png; path = tabbar_info.png; sourceTree = "<group>"; };
		A82CA5E21A416B850083884B /* tabbar_info_selected.png */ = {isa = PBXFileReference; lastKnownFileType = image.png; path = tabbar_info_selected.png; sourceTree = "<group>"; };
		A82CA5E31A416B850083884B /* tabbar_client.png */ = {isa = PBXFileReference; lastKnownFileType = image.png; path = tabbar_client.png; sourceTree = "<group>"; };
		A82CA5E41A416B850083884B /* tabbar_client_selected.png */ = {isa = PBXFileReference; lastKnownFileType = image.png; path = tabbar_client_selected.png; sourceTree = "<group>"; };
		A82CA5EE1A416C6B0083884B /* NTViewController.m */ = {isa = PBXFileReference; fileEncoding = 4; lastKnownFileType = sourcecode.c.objc; path = NTViewController.m; sourceTree = "<group>"; };
		A82CA5EF1A416C6B0083884B /* NTViewController.h */ = {isa = PBXFileReference; fileEncoding = 4; lastKnownFileType = sourcecode.c.h; path = NTViewController.h; sourceTree = "<group>"; };
		A8460C481A42A51E00530050 /* CycleScrollView.h */ = {isa = PBXFileReference; fileEncoding = 4; lastKnownFileType = sourcecode.c.h; path = CycleScrollView.h; sourceTree = "<group>"; };
		A8460C491A42A51E00530050 /* CycleScrollView.m */ = {isa = PBXFileReference; fileEncoding = 4; lastKnownFileType = sourcecode.c.objc; path = CycleScrollView.m; sourceTree = "<group>"; };
		A8460C4A1A42A51E00530050 /* NSTimer+Addition.h */ = {isa = PBXFileReference; fileEncoding = 4; lastKnownFileType = sourcecode.c.h; path = "NSTimer+Addition.h"; sourceTree = "<group>"; };
		A8460C4B1A42A51E00530050 /* NSTimer+Addition.m */ = {isa = PBXFileReference; fileEncoding = 4; lastKnownFileType = sourcecode.c.objc; path = "NSTimer+Addition.m"; sourceTree = "<group>"; };
		A8F3F6ED1A42B95000BDD1C4 /* play.gif */ = {isa = PBXFileReference; lastKnownFileType = image.gif; path = play.gif; sourceTree = "<group>"; };
		A8F3F6F01A42C69600BDD1C4 /* ShareSDKProcessor.m */ = {isa = PBXFileReference; fileEncoding = 4; lastKnownFileType = sourcecode.c.objc; name = ShareSDKProcessor.m; path = processor/ShareSDKProcessor.m; sourceTree = "<group>"; };
		A8F3F6F11A42C69600BDD1C4 /* ShareSDKProcessor.h */ = {isa = PBXFileReference; fileEncoding = 4; lastKnownFileType = sourcecode.c.h; name = ShareSDKProcessor.h; path = processor/ShareSDKProcessor.h; sourceTree = "<group>"; };
		A8F3F7361A42C95100BDD1C4 /* SystemConfiguration.framework */ = {isa = PBXFileReference; lastKnownFileType = wrapper.framework; name = SystemConfiguration.framework; path = System/Library/Frameworks/SystemConfiguration.framework; sourceTree = SDKROOT; };
		A8F3F7381A42C96000BDD1C4 /* QuartzCore.framework */ = {isa = PBXFileReference; lastKnownFileType = wrapper.framework; name = QuartzCore.framework; path = System/Library/Frameworks/QuartzCore.framework; sourceTree = SDKROOT; };
		A8F3F73A1A42C97300BDD1C4 /* CoreTelephony.framework */ = {isa = PBXFileReference; lastKnownFileType = wrapper.framework; name = CoreTelephony.framework; path = System/Library/Frameworks/CoreTelephony.framework; sourceTree = SDKROOT; };
		A8F3F73C1A42C98400BDD1C4 /* libicucore.dylib */ = {isa = PBXFileReference; lastKnownFileType = "compiled.mach-o.dylib"; name = libicucore.dylib; path = usr/lib/libicucore.dylib; sourceTree = SDKROOT; };
		A8F3F73E1A42C99000BDD1C4 /* libz.1.2.5.dylib */ = {isa = PBXFileReference; lastKnownFileType = "compiled.mach-o.dylib"; name = libz.1.2.5.dylib; path = usr/lib/libz.1.2.5.dylib; sourceTree = SDKROOT; };
		A8F3F7401A42C9A000BDD1C4 /* Security.framework */ = {isa = PBXFileReference; lastKnownFileType = wrapper.framework; name = Security.framework; path = System/Library/Frameworks/Security.framework; sourceTree = SDKROOT; };
		A8F3F7421A42C9BE00BDD1C4 /* MessageUI.framework */ = {isa = PBXFileReference; lastKnownFileType = wrapper.framework; name = MessageUI.framework; path = System/Library/Frameworks/MessageUI.framework; sourceTree = SDKROOT; };
		A8F3F7461A42CE8A00BDD1C4 /* ShareContent.h */ = {isa = PBXFileReference; fileEncoding = 4; lastKnownFileType = sourcecode.c.h; path = ShareContent.h; sourceTree = "<group>"; };
		A8F3F7471A42CE8A00BDD1C4 /* ShareContent.m */ = {isa = PBXFileReference; fileEncoding = 4; lastKnownFileType = sourcecode.c.objc; path = ShareContent.m; sourceTree = "<group>"; };
		A8F3F74B1A42D25900BDD1C4 /* CopyConnection.framework */ = {isa = PBXFileReference; lastKnownFileType = wrapper.framework; path = CopyConnection.framework; sourceTree = "<group>"; };
		A8F3F74C1A42D25900BDD1C4 /* SinaWeiboConnection.framework */ = {isa = PBXFileReference; lastKnownFileType = wrapper.framework; path = SinaWeiboConnection.framework; sourceTree = "<group>"; };
		A8F3F74D1A42D25900BDD1C4 /* SMSConnection.framework */ = {isa = PBXFileReference; lastKnownFileType = wrapper.framework; path = SMSConnection.framework; sourceTree = "<group>"; };
		A8F3F74E1A42D25900BDD1C4 /* WeChatConnection.framework */ = {isa = PBXFileReference; lastKnownFileType = wrapper.framework; path = WeChatConnection.framework; sourceTree = "<group>"; };
		A8F3F7501A42D25900BDD1C4 /* AGCommon.framework */ = {isa = PBXFileReference; lastKnownFileType = wrapper.framework; path = AGCommon.framework; sourceTree = "<group>"; };
		A8F3F7521A42D25900BDD1C4 /* en */ = {isa = PBXFileReference; lastKnownFileType = text.plist.strings; name = en; path = en.lproj/ShareSDKLocalizable.strings; sourceTree = "<group>"; };
		A8F3F7531A42D25900BDD1C4 /* Resource.bundle */ = {isa = PBXFileReference; lastKnownFileType = "wrapper.plug-in"; path = Resource.bundle; sourceTree = "<group>"; };
		A8F3F7541A42D25900BDD1C4 /* ShareSDKCoreService.framework */ = {isa = PBXFileReference; lastKnownFileType = wrapper.framework; path = ShareSDKCoreService.framework; sourceTree = "<group>"; };
		A8F3F7551A42D25900BDD1C4 /* zh-Hans */ = {isa = PBXFileReference; lastKnownFileType = text.plist.strings; name = "zh-Hans"; path = "zh-Hans.lproj/ShareSDKLocalizable.strings"; sourceTree = "<group>"; };
		A8F3F7581A42D25900BDD1C4 /* libSinaWeiboSDK.a */ = {isa = PBXFileReference; lastKnownFileType = archive.ar; path = libSinaWeiboSDK.a; sourceTree = "<group>"; };
		A8F3F7591A42D25900BDD1C4 /* WeiboSDK.bundle */ = {isa = PBXFileReference; lastKnownFileType = "wrapper.plug-in"; path = WeiboSDK.bundle; sourceTree = "<group>"; };
		A8F3F75A1A42D25900BDD1C4 /* WeiboSDK.h */ = {isa = PBXFileReference; fileEncoding = 4; lastKnownFileType = sourcecode.c.h; path = WeiboSDK.h; sourceTree = "<group>"; };
		A8F3F75C1A42D25900BDD1C4 /* libWeChatSDK.a */ = {isa = PBXFileReference; lastKnownFileType = archive.ar; path = libWeChatSDK.a; sourceTree = "<group>"; };
		A8F3F75D1A42D25900BDD1C4 /* WXApi.h */ = {isa = PBXFileReference; fileEncoding = 4; lastKnownFileType = sourcecode.c.h; path = WXApi.h; sourceTree = "<group>"; };
		A8F3F75E1A42D25900BDD1C4 /* WXApiObject.h */ = {isa = PBXFileReference; fileEncoding = 4; lastKnownFileType = sourcecode.c.h; path = WXApiObject.h; sourceTree = "<group>"; };
		A8F3F75F1A42D25900BDD1C4 /* ShareSDK.framework */ = {isa = PBXFileReference; lastKnownFileType = wrapper.framework; path = ShareSDK.framework; sourceTree = "<group>"; };
		A8F3F7611A42D25900BDD1C4 /* ShareSDKFlatShareViewUI.bundle */ = {isa = PBXFileReference; lastKnownFileType = "wrapper.plug-in"; path = ShareSDKFlatShareViewUI.bundle; sourceTree = "<group>"; };
		A8F3F7621A42D25900BDD1C4 /* ShareSDKFlatShareViewUI.framework */ = {isa = PBXFileReference; lastKnownFileType = wrapper.framework; path = ShareSDKFlatShareViewUI.framework; sourceTree = "<group>"; };
		A8F3F7631A42D25900BDD1C4 /* ShareSDKiPadDefaultShareViewUI.bundle */ = {isa = PBXFileReference; lastKnownFileType = "wrapper.plug-in"; path = ShareSDKiPadDefaultShareViewUI.bundle; sourceTree = "<group>"; };
		A8F3F7641A42D25900BDD1C4 /* ShareSDKiPadDefaultShareViewUI.framework */ = {isa = PBXFileReference; lastKnownFileType = wrapper.framework; path = ShareSDKiPadDefaultShareViewUI.framework; sourceTree = "<group>"; };
		A8F3F7651A42D25900BDD1C4 /* ShareSDKiPadSimpleShareViewUI.bundle */ = {isa = PBXFileReference; lastKnownFileType = "wrapper.plug-in"; path = ShareSDKiPadSimpleShareViewUI.bundle; sourceTree = "<group>"; };
		A8F3F7661A42D25900BDD1C4 /* ShareSDKiPadSimpleShareViewUI.framework */ = {isa = PBXFileReference; lastKnownFileType = wrapper.framework; path = ShareSDKiPadSimpleShareViewUI.framework; sourceTree = "<group>"; };
		A8F3F7671A42D25900BDD1C4 /* ShareSDKiPhoneAppRecommendShareViewUI.framework */ = {isa = PBXFileReference; lastKnownFileType = wrapper.framework; path = ShareSDKiPhoneAppRecommendShareViewUI.framework; sourceTree = "<group>"; };
		A8F3F7681A42D25900BDD1C4 /* ShareSDKiPhoneDefaultShareViewUI.bundle */ = {isa = PBXFileReference; lastKnownFileType = "wrapper.plug-in"; path = ShareSDKiPhoneDefaultShareViewUI.bundle; sourceTree = "<group>"; };
		A8F3F7691A42D25900BDD1C4 /* ShareSDKiPhoneDefaultShareViewUI.framework */ = {isa = PBXFileReference; lastKnownFileType = wrapper.framework; path = ShareSDKiPhoneDefaultShareViewUI.framework; sourceTree = "<group>"; };
		A8F3F76A1A42D25900BDD1C4 /* ShareSDKiPhoneSimpleShareViewUI.bundle */ = {isa = PBXFileReference; lastKnownFileType = "wrapper.plug-in"; path = ShareSDKiPhoneSimpleShareViewUI.bundle; sourceTree = "<group>"; };
		A8F3F76B1A42D25900BDD1C4 /* ShareSDKiPhoneSimpleShareViewUI.framework */ = {isa = PBXFileReference; lastKnownFileType = wrapper.framework; path = ShareSDKiPhoneSimpleShareViewUI.framework; sourceTree = "<group>"; };
		A8F3F76C1A42D25900BDD1C4 /* ShareSDKShareActionSheet.framework */ = {isa = PBXFileReference; lastKnownFileType = wrapper.framework; path = ShareSDKShareActionSheet.framework; sourceTree = "<group>"; };
/* End PBXFileReference section */

/* Begin PBXFrameworksBuildPhase section */
		A82CA5521A4137720083884B /* Frameworks */ = {
			isa = PBXFrameworksBuildPhase;
			buildActionMask = 2147483647;
			files = (
				A8F3F7431A42C9BE00BDD1C4 /* MessageUI.framework in Frameworks */,
				A8F3F7411A42C9A000BDD1C4 /* Security.framework in Frameworks */,
				A8F3F7771A42D25900BDD1C4 /* libWeChatSDK.a in Frameworks */,
				A8F3F7841A42D25900BDD1C4 /* ShareSDKShareActionSheet.framework in Frameworks */,
				A8F3F76F1A42D25900BDD1C4 /* SMSConnection.framework in Frameworks */,
				A8F3F76D1A42D25900BDD1C4 /* CopyConnection.framework in Frameworks */,
				A8F3F7751A42D25900BDD1C4 /* libSinaWeiboSDK.a in Frameworks */,
				A8F3F73F1A42C99000BDD1C4 /* libz.1.2.5.dylib in Frameworks */,
				A8F3F7831A42D25900BDD1C4 /* ShareSDKiPhoneSimpleShareViewUI.framework in Frameworks */,
				A8F3F73D1A42C98400BDD1C4 /* libicucore.dylib in Frameworks */,
				A8F3F7711A42D25900BDD1C4 /* AGCommon.framework in Frameworks */,
				A8F3F73B1A42C97300BDD1C4 /* CoreTelephony.framework in Frameworks */,
				A8F3F7741A42D25900BDD1C4 /* ShareSDKCoreService.framework in Frameworks */,
				A8F3F77A1A42D25900BDD1C4 /* ShareSDKFlatShareViewUI.framework in Frameworks */,
				A8F3F77C1A42D25900BDD1C4 /* ShareSDKiPadDefaultShareViewUI.framework in Frameworks */,
				A8F3F7391A42C96000BDD1C4 /* QuartzCore.framework in Frameworks */,
				A8F3F77F1A42D25900BDD1C4 /* ShareSDKiPhoneAppRecommendShareViewUI.framework in Frameworks */,
				A8F3F7811A42D25900BDD1C4 /* ShareSDKiPhoneDefaultShareViewUI.framework in Frameworks */,
				A8F3F77E1A42D25900BDD1C4 /* ShareSDKiPadSimpleShareViewUI.framework in Frameworks */,
				A8F3F7371A42C95100BDD1C4 /* SystemConfiguration.framework in Frameworks */,
				A82CA5921A41386C0083884B /* UIKit.framework in Frameworks */,
				A8F3F7701A42D25900BDD1C4 /* WeChatConnection.framework in Frameworks */,
				A82CA5901A4138660083884B /* CoreGraphics.framework in Frameworks */,
				A8F3F76E1A42D25900BDD1C4 /* SinaWeiboConnection.framework in Frameworks */,
				A8F3F7781A42D25900BDD1C4 /* ShareSDK.framework in Frameworks */,
				A82CA58E1A4138580083884B /* Foundation.framework in Frameworks */,
			);
			runOnlyForDeploymentPostprocessing = 0;
		};
		A82CA56B1A4137720083884B /* Frameworks */ = {
			isa = PBXFrameworksBuildPhase;
			buildActionMask = 2147483647;
			files = (
			);
			runOnlyForDeploymentPostprocessing = 0;
		};
/* End PBXFrameworksBuildPhase section */

/* Begin PBXGroup section */
		A82CA54C1A4137720083884B = {
			isa = PBXGroup;
			children = (
				A82CA5571A4137720083884B /* JuFuXinGui */,
				A82CA58C1A4138330083884B /* frameworks */,
				A82CA5711A4137720083884B /* JuFuXinGuiTests */,
				A82CA5561A4137720083884B /* Products */,
			);
			sourceTree = "<group>";
		};
		A82CA5561A4137720083884B /* Products */ = {
			isa = PBXGroup;
			children = (
				A82CA5551A4137720083884B /* JuFuXinGui.app */,
				A82CA56E1A4137720083884B /* JuFuXinGuiTests.xctest */,
			);
			name = Products;
			sourceTree = "<group>";
		};
		A82CA5571A4137720083884B /* JuFuXinGui */ = {
			isa = PBXGroup;
			children = (
				A82CA55C1A4137720083884B /* AppDelegate.h */,
				A82CA55D1A4137720083884B /* AppDelegate.m */,
				A82CA5BC1A415E5C0083884B /* UI */,
				A82CA5931A414D260083884B /* resource */,
				A82CA57E1A4137E70083884B /* third */,
				A8F3F7451A42CE8A00BDD1C4 /* domain */,
				A8F3F6EF1A42C66700BDD1C4 /* processor */,
				A82CA5621A4137720083884B /* Main.storyboard */,
				A82CA5651A4137720083884B /* Images.xcassets */,
				A82CA5671A4137720083884B /* LaunchScreen.xib */,
				A82CA5581A4137720083884B /* Supporting Files */,
			);
			path = JuFuXinGui;
			sourceTree = "<group>";
		};
		A82CA5581A4137720083884B /* Supporting Files */ = {
			isa = PBXGroup;
			children = (
				A82CA5591A4137720083884B /* Info.plist */,
				A82CA55A1A4137720083884B /* main.m */,
				A82CA5AE1A4151C10083884B /* JuFuXinGui-Prefix.pch */,
			);
			name = "Supporting Files";
			sourceTree = "<group>";
		};
		A82CA5711A4137720083884B /* JuFuXinGuiTests */ = {
			isa = PBXGroup;
			children = (
				A82CA5741A4137720083884B /* JuFuXinGuiTests.m */,
				A82CA5721A4137720083884B /* Supporting Files */,
			);
			path = JuFuXinGuiTests;
			sourceTree = "<group>";
		};
		A82CA5721A4137720083884B /* Supporting Files */ = {
			isa = PBXGroup;
			children = (
				A82CA5731A4137720083884B /* Info.plist */,
			);
			name = "Supporting Files";
			sourceTree = "<group>";
		};
		A82CA57E1A4137E70083884B /* third */ = {
			isa = PBXGroup;
			children = (
				A8F3F7491A42D25900BDD1C4 /* ShareSDK */,
				A8460C471A42A51E00530050 /* scrollView */,
				A82CA5EE1A416C6B0083884B /* NTViewController.m */,
				A82CA5EF1A416C6B0083884B /* NTViewController.h */,
				A82CA5D91A4169C50083884B /* NTButton.m */,
				A82CA5DA1A4169C50083884B /* NTButton.h */,
			);
			path = third;
			sourceTree = "<group>";
		};
		A82CA58C1A4138330083884B /* frameworks */ = {
			isa = PBXGroup;
			children = (
				A8F3F7421A42C9BE00BDD1C4 /* MessageUI.framework */,
				A8F3F7401A42C9A000BDD1C4 /* Security.framework */,
				A8F3F73E1A42C99000BDD1C4 /* libz.1.2.5.dylib */,
				A8F3F73C1A42C98400BDD1C4 /* libicucore.dylib */,
				A8F3F73A1A42C97300BDD1C4 /* CoreTelephony.framework */,
				A8F3F7381A42C96000BDD1C4 /* QuartzCore.framework */,
				A8F3F7361A42C95100BDD1C4 /* SystemConfiguration.framework */,
				A82CA5911A41386C0083884B /* UIKit.framework */,
				A82CA58F1A4138660083884B /* CoreGraphics.framework */,
				A82CA58D1A4138580083884B /* Foundation.framework */,
			);
			name = frameworks;
			sourceTree = "<group>";
		};
		A82CA5931A414D260083884B /* resource */ = {
			isa = PBXGroup;
			children = (
				A8F3F6ED1A42B95000BDD1C4 /* play.gif */,
				A82CA5DC1A416B850083884B /* title_background.png */,
				A82CA5DD1A416B850083884B /* tabbar_product.png */,
				A82CA5DE1A416B850083884B /* tabbar_product_selected.png */,
				A82CA5DF1A416B850083884B /* tabbar_more.png */,
				A82CA5E01A416B850083884B /* tabbar_more_selected.png */,
				A82CA5E11A416B850083884B /* tabbar_info.png */,
				A82CA5E21A416B850083884B /* tabbar_info_selected.png */,
				A82CA5E31A416B850083884B /* tabbar_client.png */,
				A82CA5E41A416B850083884B /* tabbar_client_selected.png */,
			);
			path = resource;
			sourceTree = "<group>";
		};
		A82CA5BC1A415E5C0083884B /* UI */ = {
			isa = PBXGroup;
			children = (
				A82CA5C01A415EA30083884B /* aboutUs */,
				A82CA5BF1A415E920083884B /* userCenter */,
				A82CA5BE1A415E7C0083884B /* Investment */,
				A82CA5BD1A415E690083884B /* recommend */,
			);
			name = UI;
			sourceTree = "<group>";
		};
		A82CA5BD1A415E690083884B /* recommend */ = {
			isa = PBXGroup;
			children = (
				A82CA5C11A415F760083884B /* RecomIndexViewController.m */,
				A82CA5C21A415F760083884B /* RecomIndexViewController.h */,
				A82CA5D11A4163280083884B /* RecommendViewController.h */,
				A82CA5D21A4163280083884B /* RecommendViewController.m */,
				A82CA5D31A4163280083884B /* RecommendViewController.xib */,
			);
			name = recommend;
			sourceTree = "<group>";
		};
		A82CA5BE1A415E7C0083884B /* Investment */ = {
			isa = PBXGroup;
			children = (
				A82CA5C51A415F920083884B /* InvestmentViewController.h */,
				A82CA5C41A415F920083884B /* InvestmentViewController.m */,
				A8166F091A43C77800A34A5B /* InvestmentCell.h */,
				A8166F0A1A43C77800A34A5B /* InvestmentCell.m */,
				A8166F0B1A43C77800A34A5B /* InvestmentCell.xib */,
				A8166F151A44002800A34A5B /* InvestDetailController.h */,
				A8166F161A44002800A34A5B /* InvestDetailController.m */,
			);
			name = Investment;
			sourceTree = "<group>";
		};
		A82CA5BF1A415E920083884B /* userCenter */ = {
			isa = PBXGroup;
			children = (
				A82CA5C71A415F9B0083884B /* UserCenterController.xib */,
				A82CA5C81A415F9B0083884B /* UserCenterController.m */,
				A82CA5C91A415F9B0083884B /* UserCenterController.h */,
			);
			name = userCenter;
			sourceTree = "<group>";
		};
		A82CA5C01A415EA30083884B /* aboutUs */ = {
			isa = PBXGroup;
			children = (
				A82CA5CC1A415FA60083884B /* AboutUsViewController.xib */,
				A82CA5CD1A415FA60083884B /* AboutUsViewController.m */,
				A82CA5CE1A415FA60083884B /* AboutUsViewController.h */,
				A8166F101A43D88F00A34A5B /* AboutUsCell.h */,
				A8166F111A43D88F00A34A5B /* AboutUsCell.m */,
				A8166F121A43D88F00A34A5B /* AboutUsCell.xib */,
			);
			name = aboutUs;
			sourceTree = "<group>";
		};
		A8460C471A42A51E00530050 /* scrollView */ = {
			isa = PBXGroup;
			children = (
				A8460C481A42A51E00530050 /* CycleScrollView.h */,
				A8460C491A42A51E00530050 /* CycleScrollView.m */,
				A8460C4A1A42A51E00530050 /* NSTimer+Addition.h */,
				A8460C4B1A42A51E00530050 /* NSTimer+Addition.m */,
			);
			path = scrollView;
			sourceTree = "<group>";
		};
		A8F3F6EF1A42C66700BDD1C4 /* processor */ = {
			isa = PBXGroup;
			children = (
				A8F3F6F01A42C69600BDD1C4 /* ShareSDKProcessor.m */,
				A8F3F6F11A42C69600BDD1C4 /* ShareSDKProcessor.h */,
			);
			name = processor;
			sourceTree = "<group>";
		};
		A8F3F7451A42CE8A00BDD1C4 /* domain */ = {
			isa = PBXGroup;
			children = (
				A8166F0F1A43CB2400A34A5B /* Macro.h */,
				A8F3F7461A42CE8A00BDD1C4 /* ShareContent.h */,
				A8F3F7471A42CE8A00BDD1C4 /* ShareContent.m */,
			);
			path = domain;
			sourceTree = "<group>";
		};
		A8F3F7491A42D25900BDD1C4 /* ShareSDK */ = {
			isa = PBXGroup;
			children = (
				A8F3F74A1A42D25900BDD1C4 /* Connection */,
				A8F3F74F1A42D25900BDD1C4 /* Core */,
				A8F3F7561A42D25900BDD1C4 /* Extend */,
				A8F3F75F1A42D25900BDD1C4 /* ShareSDK.framework */,
				A8F3F7601A42D25900BDD1C4 /* UI */,
			);
			path = ShareSDK;
			sourceTree = "<group>";
		};
		A8F3F74A1A42D25900BDD1C4 /* Connection */ = {
			isa = PBXGroup;
			children = (
				A8F3F74B1A42D25900BDD1C4 /* CopyConnection.framework */,
				A8F3F74C1A42D25900BDD1C4 /* SinaWeiboConnection.framework */,
				A8F3F74D1A42D25900BDD1C4 /* SMSConnection.framework */,
				A8F3F74E1A42D25900BDD1C4 /* WeChatConnection.framework */,
			);
			path = Connection;
			sourceTree = "<group>";
		};
		A8F3F74F1A42D25900BDD1C4 /* Core */ = {
			isa = PBXGroup;
			children = (
				A8F3F7501A42D25900BDD1C4 /* AGCommon.framework */,
				A8F3F7511A42D25900BDD1C4 /* ShareSDKLocalizable.strings */,
				A8F3F7531A42D25900BDD1C4 /* Resource.bundle */,
				A8F3F7541A42D25900BDD1C4 /* ShareSDKCoreService.framework */,
			);
			path = Core;
			sourceTree = "<group>";
		};
		A8F3F7561A42D25900BDD1C4 /* Extend */ = {
			isa = PBXGroup;
			children = (
				A8F3F7571A42D25900BDD1C4 /* SinaWeiboSDK */,
				A8F3F75B1A42D25900BDD1C4 /* WeChatSDK */,
			);
			path = Extend;
			sourceTree = "<group>";
		};
		A8F3F7571A42D25900BDD1C4 /* SinaWeiboSDK */ = {
			isa = PBXGroup;
			children = (
				A8F3F7581A42D25900BDD1C4 /* libSinaWeiboSDK.a */,
				A8F3F7591A42D25900BDD1C4 /* WeiboSDK.bundle */,
				A8F3F75A1A42D25900BDD1C4 /* WeiboSDK.h */,
			);
			path = SinaWeiboSDK;
			sourceTree = "<group>";
		};
		A8F3F75B1A42D25900BDD1C4 /* WeChatSDK */ = {
			isa = PBXGroup;
			children = (
				A8F3F75C1A42D25900BDD1C4 /* libWeChatSDK.a */,
				A8F3F75D1A42D25900BDD1C4 /* WXApi.h */,
				A8F3F75E1A42D25900BDD1C4 /* WXApiObject.h */,
			);
			path = WeChatSDK;
			sourceTree = "<group>";
		};
		A8F3F7601A42D25900BDD1C4 /* UI */ = {
			isa = PBXGroup;
			children = (
				A8F3F7611A42D25900BDD1C4 /* ShareSDKFlatShareViewUI.bundle */,
				A8F3F7621A42D25900BDD1C4 /* ShareSDKFlatShareViewUI.framework */,
				A8F3F7631A42D25900BDD1C4 /* ShareSDKiPadDefaultShareViewUI.bundle */,
				A8F3F7641A42D25900BDD1C4 /* ShareSDKiPadDefaultShareViewUI.framework */,
				A8F3F7651A42D25900BDD1C4 /* ShareSDKiPadSimpleShareViewUI.bundle */,
				A8F3F7661A42D25900BDD1C4 /* ShareSDKiPadSimpleShareViewUI.framework */,
				A8F3F7671A42D25900BDD1C4 /* ShareSDKiPhoneAppRecommendShareViewUI.framework */,
				A8F3F7681A42D25900BDD1C4 /* ShareSDKiPhoneDefaultShareViewUI.bundle */,
				A8F3F7691A42D25900BDD1C4 /* ShareSDKiPhoneDefaultShareViewUI.framework */,
				A8F3F76A1A42D25900BDD1C4 /* ShareSDKiPhoneSimpleShareViewUI.bundle */,
				A8F3F76B1A42D25900BDD1C4 /* ShareSDKiPhoneSimpleShareViewUI.framework */,
				A8F3F76C1A42D25900BDD1C4 /* ShareSDKShareActionSheet.framework */,
			);
			path = UI;
			sourceTree = "<group>";
		};
/* End PBXGroup section */

/* Begin PBXNativeTarget section */
		A82CA5541A4137720083884B /* JuFuXinGui */ = {
			isa = PBXNativeTarget;
			buildConfigurationList = A82CA5781A4137720083884B /* Build configuration list for PBXNativeTarget "JuFuXinGui" */;
			buildPhases = (
				A82CA5511A4137720083884B /* Sources */,
				A82CA5521A4137720083884B /* Frameworks */,
				A82CA5531A4137720083884B /* Resources */,
			);
			buildRules = (
			);
			dependencies = (
			);
			name = JuFuXinGui;
			productName = JuFuXinGui;
			productReference = A82CA5551A4137720083884B /* JuFuXinGui.app */;
			productType = "com.apple.product-type.application";
		};
		A82CA56D1A4137720083884B /* JuFuXinGuiTests */ = {
			isa = PBXNativeTarget;
			buildConfigurationList = A82CA57B1A4137720083884B /* Build configuration list for PBXNativeTarget "JuFuXinGuiTests" */;
			buildPhases = (
				A82CA56A1A4137720083884B /* Sources */,
				A82CA56B1A4137720083884B /* Frameworks */,
				A82CA56C1A4137720083884B /* Resources */,
			);
			buildRules = (
			);
			dependencies = (
				A82CA5701A4137720083884B /* PBXTargetDependency */,
			);
			name = JuFuXinGuiTests;
			productName = JuFuXinGuiTests;
			productReference = A82CA56E1A4137720083884B /* JuFuXinGuiTests.xctest */;
			productType = "com.apple.product-type.bundle.unit-test";
		};
/* End PBXNativeTarget section */

/* Begin PBXProject section */
		A82CA54D1A4137720083884B /* Project object */ = {
			isa = PBXProject;
			attributes = {
				LastUpgradeCheck = 0610;
				ORGANIZATIONNAME = XB;
				TargetAttributes = {
					A82CA5541A4137720083884B = {
						CreatedOnToolsVersion = 6.1;
					};
					A82CA56D1A4137720083884B = {
						CreatedOnToolsVersion = 6.1;
						TestTargetID = A82CA5541A4137720083884B;
					};
				};
			};
			buildConfigurationList = A82CA5501A4137720083884B /* Build configuration list for PBXProject "JuFuXinGui" */;
			compatibilityVersion = "Xcode 3.2";
			developmentRegion = English;
			hasScannedForEncodings = 0;
			knownRegions = (
				en,
				Base,
				"zh-Hans",
			);
			mainGroup = A82CA54C1A4137720083884B;
			productRefGroup = A82CA5561A4137720083884B /* Products */;
			projectDirPath = "";
			projectRoot = "";
			targets = (
				A82CA5541A4137720083884B /* JuFuXinGui */,
				A82CA56D1A4137720083884B /* JuFuXinGuiTests */,
			);
		};
/* End PBXProject section */

/* Begin PBXResourcesBuildPhase section */
		A82CA5531A4137720083884B /* Resources */ = {
			isa = PBXResourcesBuildPhase;
			buildActionMask = 2147483647;
			files = (
				A8F3F7721A42D25900BDD1C4 /* ShareSDKLocalizable.strings in Resources */,
				A8F3F7761A42D25900BDD1C4 /* WeiboSDK.bundle in Resources */,
				A82CA5EC1A416B850083884B /* tabbar_client.png in Resources */,
				A82CA5EB1A416B850083884B /* tabbar_info_selected.png in Resources */,
				A8F3F77B1A42D25900BDD1C4 /* ShareSDKiPadDefaultShareViewUI.bundle in Resources */,
				A8F3F6EE1A42B95000BDD1C4 /* play.gif in Resources */,
				A82CA5E71A416B850083884B /* tabbar_product_selected.png in Resources */,
				A82CA5E51A416B850083884B /* title_background.png in Resources */,
				A82CA5ED1A416B850083884B /* tabbar_client_selected.png in Resources */,
				A82CA5E61A416B850083884B /* tabbar_product.png in Resources */,
				A82CA5CF1A415FA60083884B /* AboutUsViewController.xib in Resources */,
				A8F3F7801A42D25900BDD1C4 /* ShareSDKiPhoneDefaultShareViewUI.bundle in Resources */,
				A8F3F7821A42D25900BDD1C4 /* ShareSDKiPhoneSimpleShareViewUI.bundle in Resources */,
				A82CA5641A4137720083884B /* Main.storyboard in Resources */,
				A82CA5EA1A416B850083884B /* tabbar_info.png in Resources */,
				A8166F0D1A43C77800A34A5B /* InvestmentCell.xib in Resources */,
				A82CA5CA1A415F9B0083884B /* UserCenterController.xib in Resources */,
				A82CA5E91A416B850083884B /* tabbar_more_selected.png in Resources */,
				A82CA5E81A416B850083884B /* tabbar_more.png in Resources */,
				A82CA5691A4137720083884B /* LaunchScreen.xib in Resources */,
				A8F3F77D1A42D25900BDD1C4 /* ShareSDKiPadSimpleShareViewUI.bundle in Resources */,
				A8F3F7731A42D25900BDD1C4 /* Resource.bundle in Resources */,
				A82CA5661A4137720083884B /* Images.xcassets in Resources */,
				A8166F141A43D88F00A34A5B /* AboutUsCell.xib in Resources */,
				A8F3F7791A42D25900BDD1C4 /* ShareSDKFlatShareViewUI.bundle in Resources */,
				A82CA5D51A4163280083884B /* RecommendViewController.xib in Resources */,
			);
			runOnlyForDeploymentPostprocessing = 0;
		};
		A82CA56C1A4137720083884B /* Resources */ = {
			isa = PBXResourcesBuildPhase;
			buildActionMask = 2147483647;
			files = (
			);
			runOnlyForDeploymentPostprocessing = 0;
		};
/* End PBXResourcesBuildPhase section */

/* Begin PBXSourcesBuildPhase section */
		A82CA5511A4137720083884B /* Sources */ = {
			isa = PBXSourcesBuildPhase;
			buildActionMask = 2147483647;
			files = (
				A8166F131A43D88F00A34A5B /* AboutUsCell.m in Sources */,
				A8460C4C1A42A51E00530050 /* CycleScrollView.m in Sources */,
				A82CA5D01A415FA60083884B /* AboutUsViewController.m in Sources */,
				A8166F171A44002800A34A5B /* InvestDetailController.m in Sources */,
				A82CA5C61A415F920083884B /* InvestmentViewController.m in Sources */,
				A82CA5D41A4163280083884B /* RecommendViewController.m in Sources */,
				A82CA5DB1A4169C50083884B /* NTButton.m in Sources */,
				A8460C4D1A42A51E00530050 /* NSTimer+Addition.m in Sources */,
				A82CA55E1A4137720083884B /* AppDelegate.m in Sources */,
				A8F3F6F21A42C69600BDD1C4 /* ShareSDKProcessor.m in Sources */,
				A8F3F7481A42CE8A00BDD1C4 /* ShareContent.m in Sources */,
				A82CA5CB1A415F9B0083884B /* UserCenterController.m in Sources */,
				A82CA5C31A415F760083884B /* RecomIndexViewController.m in Sources */,
				A82CA5F01A416C6B0083884B /* NTViewController.m in Sources */,
				A8166F0C1A43C77800A34A5B /* InvestmentCell.m in Sources */,
				A82CA55B1A4137720083884B /* main.m in Sources */,
			);
			runOnlyForDeploymentPostprocessing = 0;
		};
		A82CA56A1A4137720083884B /* Sources */ = {
			isa = PBXSourcesBuildPhase;
			buildActionMask = 2147483647;
			files = (
				A82CA5751A4137720083884B /* JuFuXinGuiTests.m in Sources */,
			);
			runOnlyForDeploymentPostprocessing = 0;
		};
/* End PBXSourcesBuildPhase section */

/* Begin PBXTargetDependency section */
		A82CA5701A4137720083884B /* PBXTargetDependency */ = {
			isa = PBXTargetDependency;
			target = A82CA5541A4137720083884B /* JuFuXinGui */;
			targetProxy = A82CA56F1A4137720083884B /* PBXContainerItemProxy */;
		};
/* End PBXTargetDependency section */

/* Begin PBXVariantGroup section */
		A82CA5621A4137720083884B /* Main.storyboard */ = {
			isa = PBXVariantGroup;
			children = (
				A82CA5631A4137720083884B /* Base */,
			);
			name = Main.storyboard;
			sourceTree = "<group>";
		};
		A82CA5671A4137720083884B /* LaunchScreen.xib */ = {
			isa = PBXVariantGroup;
			children = (
				A82CA5681A4137720083884B /* Base */,
			);
			name = LaunchScreen.xib;
			sourceTree = "<group>";
		};
		A8F3F7511A42D25900BDD1C4 /* ShareSDKLocalizable.strings */ = {
			isa = PBXVariantGroup;
			children = (
				A8F3F7521A42D25900BDD1C4 /* en */,
				A8F3F7551A42D25900BDD1C4 /* zh-Hans */,
			);
			name = ShareSDKLocalizable.strings;
			sourceTree = "<group>";
		};
/* End PBXVariantGroup section */

/* Begin XCBuildConfiguration section */
		A82CA5761A4137720083884B /* Debug */ = {
			isa = XCBuildConfiguration;
			buildSettings = {
				ALWAYS_SEARCH_USER_PATHS = NO;
				CLANG_CXX_LANGUAGE_STANDARD = "gnu++0x";
				CLANG_CXX_LIBRARY = "libc++";
				CLANG_ENABLE_MODULES = YES;
				CLANG_ENABLE_OBJC_ARC = YES;
				CLANG_WARN_BOOL_CONVERSION = YES;
				CLANG_WARN_CONSTANT_CONVERSION = YES;
				CLANG_WARN_DIRECT_OBJC_ISA_USAGE = YES_ERROR;
				CLANG_WARN_EMPTY_BODY = YES;
				CLANG_WARN_ENUM_CONVERSION = YES;
				CLANG_WARN_INT_CONVERSION = YES;
				CLANG_WARN_OBJC_ROOT_CLASS = YES_ERROR;
				CLANG_WARN_UNREACHABLE_CODE = YES;
				CLANG_WARN__DUPLICATE_METHOD_MATCH = YES;
				"CODE_SIGN_IDENTITY[sdk=iphoneos*]" = "iPhone Developer";
				COPY_PHASE_STRIP = NO;
				ENABLE_STRICT_OBJC_MSGSEND = YES;
				GCC_C_LANGUAGE_STANDARD = gnu99;
				GCC_DYNAMIC_NO_PIC = NO;
				GCC_OPTIMIZATION_LEVEL = 0;
				GCC_PRECOMPILE_PREFIX_HEADER = NO;
				GCC_PREFIX_HEADER = "";
				GCC_PREPROCESSOR_DEFINITIONS = (
					"DEBUG=1",
					"$(inherited)",
				);
				GCC_SYMBOLS_PRIVATE_EXTERN = NO;
				GCC_WARN_64_TO_32_BIT_CONVERSION = YES;
				GCC_WARN_ABOUT_RETURN_TYPE = YES_ERROR;
				GCC_WARN_UNDECLARED_SELECTOR = YES;
				GCC_WARN_UNINITIALIZED_AUTOS = YES_AGGRESSIVE;
				GCC_WARN_UNUSED_FUNCTION = YES;
				GCC_WARN_UNUSED_VARIABLE = YES;
				IPHONEOS_DEPLOYMENT_TARGET = 8.1;
				MTL_ENABLE_DEBUG_INFO = YES;
				ONLY_ACTIVE_ARCH = YES;
				SDKROOT = iphoneos;
			};
			name = Debug;
		};
		A82CA5771A4137720083884B /* Release */ = {
			isa = XCBuildConfiguration;
			buildSettings = {
				ALWAYS_SEARCH_USER_PATHS = NO;
				CLANG_CXX_LANGUAGE_STANDARD = "gnu++0x";
				CLANG_CXX_LIBRARY = "libc++";
				CLANG_ENABLE_MODULES = YES;
				CLANG_ENABLE_OBJC_ARC = YES;
				CLANG_WARN_BOOL_CONVERSION = YES;
				CLANG_WARN_CONSTANT_CONVERSION = YES;
				CLANG_WARN_DIRECT_OBJC_ISA_USAGE = YES_ERROR;
				CLANG_WARN_EMPTY_BODY = YES;
				CLANG_WARN_ENUM_CONVERSION = YES;
				CLANG_WARN_INT_CONVERSION = YES;
				CLANG_WARN_OBJC_ROOT_CLASS = YES_ERROR;
				CLANG_WARN_UNREACHABLE_CODE = YES;
				CLANG_WARN__DUPLICATE_METHOD_MATCH = YES;
				"CODE_SIGN_IDENTITY[sdk=iphoneos*]" = "iPhone Developer";
				COPY_PHASE_STRIP = YES;
				ENABLE_NS_ASSERTIONS = NO;
				ENABLE_STRICT_OBJC_MSGSEND = YES;
				GCC_C_LANGUAGE_STANDARD = gnu99;
				GCC_PRECOMPILE_PREFIX_HEADER = NO;
				GCC_PREFIX_HEADER = "";
				GCC_WARN_64_TO_32_BIT_CONVERSION = YES;
				GCC_WARN_ABOUT_RETURN_TYPE = YES_ERROR;
				GCC_WARN_UNDECLARED_SELECTOR = YES;
				GCC_WARN_UNINITIALIZED_AUTOS = YES_AGGRESSIVE;
				GCC_WARN_UNUSED_FUNCTION = YES;
				GCC_WARN_UNUSED_VARIABLE = YES;
				IPHONEOS_DEPLOYMENT_TARGET = 8.1;
				MTL_ENABLE_DEBUG_INFO = NO;
				SDKROOT = iphoneos;
				VALIDATE_PRODUCT = YES;
			};
			name = Release;
		};
		A82CA5791A4137720083884B /* Debug */ = {
			isa = XCBuildConfiguration;
			buildSettings = {
				ASSETCATALOG_COMPILER_APPICON_NAME = AppIcon;
				ASSETCATALOG_COMPILER_LAUNCHIMAGE_NAME = LaunchImage;
				FRAMEWORK_SEARCH_PATHS = (
					"$(inherited)",
					"$(PROJECT_DIR)/JuFuXinGui/third/ShareSDK/Connection",
					"$(PROJECT_DIR)/JuFuXinGui/third/ShareSDK/Core",
					"$(PROJECT_DIR)/JuFuXinGui/third/ShareSDK",
					"$(PROJECT_DIR)/JuFuXinGui/third/ShareSDK/UI",
				);
				GCC_PRECOMPILE_PREFIX_HEADER = YES;
				GCC_PREFIX_HEADER = "$(SRCROOT)/JuFuXinGui/JuFuXinGui-Prefix.pch";
				INFOPLIST_FILE = JuFuXinGui/Info.plist;
				IPHONEOS_DEPLOYMENT_TARGET = 7.0;
				LD_RUNPATH_SEARCH_PATHS = "$(inherited) @executable_path/Frameworks";
				LIBRARY_SEARCH_PATHS = (
					"$(inherited)",
					"$(PROJECT_DIR)/JuFuXinGui/third/ShareSDK/Extend/SinaWeiboSDK",
					"$(PROJECT_DIR)/JuFuXinGui/third/ShareSDK/Extend/WeChatSDK",
				);
				PRODUCT_NAME = "$(TARGET_NAME)";
			};
			name = Debug;
		};
		A82CA57A1A4137720083884B /* Release */ = {
			isa = XCBuildConfiguration;
			buildSettings = {
				ASSETCATALOG_COMPILER_APPICON_NAME = AppIcon;
				ASSETCATALOG_COMPILER_LAUNCHIMAGE_NAME = LaunchImage;
				FRAMEWORK_SEARCH_PATHS = (
					"$(inherited)",
					"$(PROJECT_DIR)/JuFuXinGui/third/ShareSDK/Connection",
					"$(PROJECT_DIR)/JuFuXinGui/third/ShareSDK/Core",
					"$(PROJECT_DIR)/JuFuXinGui/third/ShareSDK",
					"$(PROJECT_DIR)/JuFuXinGui/third/ShareSDK/UI",
				);
				GCC_PRECOMPILE_PREFIX_HEADER = YES;
				GCC_PREFIX_HEADER = "$(SRCROOT)/JuFuXinGui/JuFuXinGui-Prefix.pch";
				INFOPLIST_FILE = JuFuXinGui/Info.plist;
				IPHONEOS_DEPLOYMENT_TARGET = 7.0;
				LD_RUNPATH_SEARCH_PATHS = "$(inherited) @executable_path/Frameworks";
				LIBRARY_SEARCH_PATHS = (
					"$(inherited)",
					"$(PROJECT_DIR)/JuFuXinGui/third/ShareSDK/Extend/SinaWeiboSDK",
					"$(PROJECT_DIR)/JuFuXinGui/third/ShareSDK/Extend/WeChatSDK",
				);
				PRODUCT_NAME = "$(TARGET_NAME)";
			};
			name = Release;
		};
		A82CA57C1A4137720083884B /* Debug */ = {
			isa = XCBuildConfiguration;
			buildSettings = {
				BUNDLE_LOADER = "$(TEST_HOST)";
				FRAMEWORK_SEARCH_PATHS = (
					"$(SDKROOT)/Developer/Library/Frameworks",
					"$(inherited)",
				);
				GCC_PREPROCESSOR_DEFINITIONS = (
					"DEBUG=1",
					"$(inherited)",
				);
				INFOPLIST_FILE = JuFuXinGuiTests/Info.plist;
				LD_RUNPATH_SEARCH_PATHS = "$(inherited) @executable_path/Frameworks @loader_path/Frameworks";
				PRODUCT_NAME = "$(TARGET_NAME)";
				TEST_HOST = "$(BUILT_PRODUCTS_DIR)/JuFuXinGui.app/JuFuXinGui";
			};
			name = Debug;
		};
		A82CA57D1A4137720083884B /* Release */ = {
			isa = XCBuildConfiguration;
			buildSettings = {
				BUNDLE_LOADER = "$(TEST_HOST)";
				FRAMEWORK_SEARCH_PATHS = (
					"$(SDKROOT)/Developer/Library/Frameworks",
					"$(inherited)",
				);
				INFOPLIST_FILE = JuFuXinGuiTests/Info.plist;
				LD_RUNPATH_SEARCH_PATHS = "$(inherited) @executable_path/Frameworks @loader_path/Frameworks";
				PRODUCT_NAME = "$(TARGET_NAME)";
				TEST_HOST = "$(BUILT_PRODUCTS_DIR)/JuFuXinGui.app/JuFuXinGui";
			};
			name = Release;
		};
/* End XCBuildConfiguration section */

/* Begin XCConfigurationList section */
		A82CA5501A4137720083884B /* Build configuration list for PBXProject "JuFuXinGui" */ = {
			isa = XCConfigurationList;
			buildConfigurations = (
				A82CA5761A4137720083884B /* Debug */,
				A82CA5771A4137720083884B /* Release */,
			);
			defaultConfigurationIsVisible = 0;
			defaultConfigurationName = Release;
		};
		A82CA5781A4137720083884B /* Build configuration list for PBXNativeTarget "JuFuXinGui" */ = {
			isa = XCConfigurationList;
			buildConfigurations = (
				A82CA5791A4137720083884B /* Debug */,
				A82CA57A1A4137720083884B /* Release */,
			);
			defaultConfigurationIsVisible = 0;
			defaultConfigurationName = Release;
		};
		A82CA57B1A4137720083884B /* Build configuration list for PBXNativeTarget "JuFuXinGuiTests" */ = {
			isa = XCConfigurationList;
			buildConfigurations = (
				A82CA57C1A4137720083884B /* Debug */,
				A82CA57D1A4137720083884B /* Release */,
			);
			defaultConfigurationIsVisible = 0;
			defaultConfigurationName = Release;
		};
/* End XCConfigurationList section */
	};
	rootObject = A82CA54D1A4137720083884B /* Project object */;
}
